github.com/davecgh/go-spew v1.1.0/go.mod h1:J7Y8YcW2NihsgmVo/mv3lAwl/skON4iLHjSsI+c5H38=
github.com/davecgh/go-spew v1.1.1 h1:vj9j/u1bqnvCEfJOwUhtlOARqs3+rkHYY13jYWTU97c=
github.com/davecgh/go-spew v1.1.1/go.mod h1:J7Y8YcW2NihsgmVo/mv3lAwl/skON4iLHjSsI+c5H38=
github.com/deckarep/golang-set v1.7.1 h1:SCQV0S6gTtp6itiFrTqI+pfmJ4LN85S1YzhDf9rTHJQ=
github.com/deckarep/golang-set v1.7.1/go.mod h1:93vsz/8Wt4joVM7c2AVqh+YRMiUSc14yDtF28KmMOgQ=
github.com/easy-bus/bus v0.0.0-20200307113924-75bd6707666a h1:Evv+t+qfZsQKlD0i7OpybcSnm0YTYACIkUtXeQY6uxc=
github.com/easy-bus/bus v0.0.0-20200307113924-75bd6707666a/go.mod h1:BGnphnPWtFW/NlHdhaVAxcmHQRdU9wJQpHrVjCt/0is=
github.com/kr/pretty v0.1.0 h1:L/CwN0zerZDmRFUapSPitk6f+Q3+0za1rQkzVuMiMFI=
github.com/kr/pretty v0.1.0/go.mod h1:dAy3ld7l9f0ibDNOQOHHMYYIIbhfbHSm3C4ZsoJORNo=
github.com/kr/pty v1.1.1/go.mod h1:pFQYn66WHrOpPYNljwOMqo10TkYh1fy3cYio2l3bCsQ=
github.com/kr/text v0.1.0 h1:45sCR5RtlFHMR4UwH9sdQ5TC8v0qDQCHnXt+kaKSTVE=
github.com/kr/text v0.1.0/go.mod h1:4Jbv+DJW3UT/LiOwJeYQe1efqtUx/iVham/4vfdArNI=
github.com/letsfire/factory v0.0.0-20191119034130-1270fd77b852 h1:MP/XmBZGoKDvkWhpJGMFUOfbC5sypGrZbli0nWKyZzI=
github.com/letsfire/factory v0.0.0-20191119034130-1270fd77b852/go.mod h1:VB8XuMnLZoTrZ+1+8l5f4CSOCvji9Y50ipHYkHtAJ5Y=
github.com/letsfire/factory v0.0.0-20200402143505-ac00b13e8db0 h1:13yTwnM1nMa7wMcL36biFpXTCpHu/rBwsXzfTr/kNOA=
github.com/letsfire/factory v0.0.0-20200402143505-ac00b13e8db0/go.mod h1:wlsw1oG3EN9Ha2RFlB0JpG1Ytx872jhlwor60ddzj6c=
github.com/letsfire/utils v0.0.0-20191027122615-30a04c61bccf/go.mod h1:K5cUua/sKgAAkxKPEAyfyuM5X5GhtevqOq56oZ5FCfQ=
github.com/letsfire/utils v0.0.0-20200219142806-5d1bd574d033 h1:Slr/wwpjwu0pkQ7cyFSzZRFEm/PJ7lmmag1MkEGLXuE=
github.com/letsfire/utils v0.0.0-20200219142806-5d1bd574d033/go.mod h1:qVDeO0i7G9ZleBWSVnZewa4/ctNpdGqSL6UIfrNsc/M=
github.com/letsfire/utils v0.0.0-20200331101103-1ea3f3e4b618 h1:5LPEvEUok9gCkfvBZgCV5DHBOzPgR2gHtgga7Eqc2L4=
github.com/letsfire/utils v0.0.0-20200331101103-1ea3f3e4b618/go.mod h1:qVDeO0i7G9ZleBWSVnZewa4/ctNpdGqSL6UIfrNsc/M=
github.com/pmezard/go-difflib v1.0.0 h1:4DBwDE0NGyQoBHbLQYPwSUPoCMWR5BEzIk/f1lZbAQM=
github.com/pmezard/go-difflib v1.0.0/go.mod h1:iKH77koFhYxTK1pcRnkKkqfTogsbg7gZNVY4sRDYZ/4=
github.com/sony/sonyflake v1.0.0 h1:MpU6Ro7tfXwgn2l5eluf9xQvQJDROTBImNCfRXn/YeM=
github.com/sony/sonyflake v1.0.0/go.mod h1:Jv3cfhf/UFtolOTTRd3q4Nl6ENqM+KfyZ5PseKfZGF4=
github.com/streadway/amqp v0.0.0-20200108173154-1c71cc93ed71 h1:2MR0pKUzlP3SGgj5NYJe/zRYDwOu9ku6YHy+Iw7l5DM=
github.com/streadway/amqp v0.0.0-20200108173154-1c71cc93ed71/go.mod h1:AZpEONHx3DKn8O/DFsRAY58/XVQiIPMTMB1SddzLXVw=
github.com/stretchr/objx v0.1.0 h1:4G4v2dO3VZwixGIRoQ5Lfboy6nUhCyYzaqnIAPPhYs4=
github.com/stretchr/objx v0.1.0/go.mod h1:HFkY916IF+rwdDfMAkV7OtwuqBVzrE8GR6GFx+wExME=
github.com/stretchr/testify v1.4.0 h1:2E4SXV/wtOkTonXsotYi4li6zVWxYlZuYNCXe9XRJyk=
github.com/stretchr/testify v1.4.0/go.mod h1:j7eGeouHqKxXV5pUuKE4zz7dFj8WfuZ+81PSLYec5m4=
github.com/stretchr/testify v1.5.1 h1:nOGnQDM7FYENwehXlg/kFVnos3rEvtKTjRvOWSzb6H4=
github.com/stretchr/testify v1.5.1/go.mod h1:5W2xD1RspED5o8YsWQXVCued0rvSQ+mT+I5cxcmMvtA=
gopkg.in/check.v1 v0.0.0-20161208181325-20d25e280405/go.mod h1:Co6ibVJAznAaIkqp8huTwlJQCZ016jof/cbN4VW5Yz0=
gopkg.in/check.v1 v1.0.0-20190902080502-41f04d3bba15 h1:YR8cESwS4TdDjEe65xsg0ogRM/Nc3DYOhEAlW+xobZo=
gopkg.in/check.v1 v1.0.0-20190902080502-41f04d3bba15/go.mod h1:Co6ibVJAznAaIkqp8huTwlJQCZ016jof/cbN4VW5Yz0=
gopkg.in/yaml.v2 v2.2.2/go.mod h1:hI93XBmqTisBFMUTm0b8Fm+jr3Dg1NNxqwp+5A1VGuI=
gopkg.in/yaml.v2 v2.2.7 h1:VUgggvou5XRW9mHwD/yXxIYSMtY0zoKQf/v226p2nyo=
gopkg.in/yaml.v2 v2.2.7/go.mod h1:hI93XBmqTisBFMUTm0b8Fm+jr3Dg1NNxqwp+5A1VGuI=
